// !$*UTF8*$!
{
	archiveVersion = 1;
	classes = {
	};
	objectVersion = 56;
	objects = {

/* Begin PBXBuildFile section */
		032A099A2B8B699200FEEB29 /* Linecom Wear FM Watch App.app in Embed Watch Content */ = {isa = PBXBuildFile; fileRef = 032A09992B8B699200FEEB29 /* Linecom Wear FM Watch App.app */; settings = {ATTRIBUTES = (RemoveHeadersOnCopy, ); }; };
		032A099F2B8B699200FEEB29 /* Linecom_Wear_FMApp.swift in Sources */ = {isa = PBXBuildFile; fileRef = 032A099E2B8B699200FEEB29 /* Linecom_Wear_FMApp.swift */; };
		032A09A12B8B699200FEEB29 /* ContentView.swift in Sources */ = {isa = PBXBuildFile; fileRef = 032A09A02B8B699200FEEB29 /* ContentView.swift */; };
		032A09A32B8B699300FEEB29 /* Assets.xcassets in Resources */ = {isa = PBXBuildFile; fileRef = 032A09A22B8B699300FEEB29 /* Assets.xcassets */; };
		032A09A62B8B699300FEEB29 /* Preview Assets.xcassets in Resources */ = {isa = PBXBuildFile; fileRef = 032A09A52B8B699300FEEB29 /* Preview Assets.xcassets */; };
		03A9423D2C3C68A0008C7966 /* Alamofire in Frameworks */ = {isa = PBXBuildFile; productRef = 03A9423C2C3C68A0008C7966 /* Alamofire */; };
		03A9423F2C3C72FE008C7966 /* AboutView.swift in Sources */ = {isa = PBXBuildFile; fileRef = 03A9423E2C3C72FE008C7966 /* AboutView.swift */; };
		03A942412C3C9387008C7966 /* Localizable.xcstrings in Resources */ = {isa = PBXBuildFile; fileRef = 03A942402C3C9387008C7966 /* Localizable.xcstrings */; };
		03A942432C3D1F12008C7966 /* LRCParser.swift in Sources */ = {isa = PBXBuildFile; fileRef = 03A942422C3D1F12008C7966 /* LRCParser.swift */; };
		03AB88BA2C3B0E6000EB5BE4 /* FMViewModel.swift in Sources */ = {isa = PBXBuildFile; fileRef = 03AB88B92C3B0E6000EB5BE4 /* FMViewModel.swift */; };
		03AB88BC2C3B0F9200EB5BE4 /* DownloadFileView.swift in Sources */ = {isa = PBXBuildFile; fileRef = 03AB88BB2C3B0F9200EB5BE4 /* DownloadFileView.swift */; };
		03AB88BE2C3B1D4C00EB5BE4 /* RenameFileSheet.swift in Sources */ = {isa = PBXBuildFile; fileRef = 03AB88BD2C3B1D4C00EB5BE4 /* RenameFileSheet.swift */; };
		03AB88C02C3B227900EB5BE4 /* FilePreview.swift in Sources */ = {isa = PBXBuildFile; fileRef = 03AB88BF2C3B227900EB5BE4 /* FilePreview.swift */; };
		03AB88C22C3B23D600EB5BE4 /* VedioPreview.swift in Sources */ = {isa = PBXBuildFile; fileRef = 03AB88C12C3B23D600EB5BE4 /* VedioPreview.swift */; };
		03AB88C42C3C0CD000EB5BE4 /* ImageView.swift in Sources */ = {isa = PBXBuildFile; fileRef = 03AB88C32C3C0CD000EB5BE4 /* ImageView.swift */; };
		03AB88C62C3C12AA00EB5BE4 /* AudioPlayerView.swift in Sources */ = {isa = PBXBuildFile; fileRef = 03AB88C52C3C12AA00EB5BE4 /* AudioPlayerView.swift */; };
		03AF84712C50902F0030E7BF /* CloudCodeView.swift in Sources */ = {isa = PBXBuildFile; fileRef = 03AF84702C50902F0030E7BF /* CloudCodeView.swift */; };
		03AF84732C5090EA0030E7BF /* MixedImportView.swift in Sources */ = {isa = PBXBuildFile; fileRef = 03AF84722C5090EA0030E7BF /* MixedImportView.swift */; };
/* End PBXBuildFile section */

/* Begin PBXContainerItemProxy section */
		032A099B2B8B699200FEEB29 /* PBXContainerItemProxy */ = {
			isa = PBXContainerItemProxy;
			containerPortal = 032A098D2B8B699200FEEB29 /* Project object */;
			proxyType = 1;
			remoteGlobalIDString = 032A09982B8B699200FEEB29;
			remoteInfo = "Linecom Wear Music Watch App";
		};
/* End PBXContainerItemProxy section */

/* Begin PBXCopyFilesBuildPhase section */
		032A09C22B8B699300FEEB29 /* Embed Watch Content */ = {
			isa = PBXCopyFilesBuildPhase;
			buildActionMask = 2147483647;
			dstPath = "$(CONTENTS_FOLDER_PATH)/Watch";
			dstSubfolderSpec = 16;
			files = (
				032A099A2B8B699200FEEB29 /* Linecom Wear FM Watch App.app in Embed Watch Content */,
			);
			name = "Embed Watch Content";
			runOnlyForDeploymentPostprocessing = 0;
		};
/* End PBXCopyFilesBuildPhase section */

/* Begin PBXFileReference section */
		032A09932B8B699200FEEB29 /* Linecom Wear FM.app */ = {isa = PBXFileReference; explicitFileType = wrapper.application; includeInIndex = 0; path = "Linecom Wear FM.app"; sourceTree = BUILT_PRODUCTS_DIR; };
		032A09992B8B699200FEEB29 /* Linecom Wear FM Watch App.app */ = {isa = PBXFileReference; explicitFileType = wrapper.application; includeInIndex = 0; path = "Linecom Wear FM Watch App.app"; sourceTree = BUILT_PRODUCTS_DIR; };
		032A099E2B8B699200FEEB29 /* Linecom_Wear_FMApp.swift */ = {isa = PBXFileReference; lastKnownFileType = sourcecode.swift; path = Linecom_Wear_FMApp.swift; sourceTree = "<group>"; };
		032A09A02B8B699200FEEB29 /* ContentView.swift */ = {isa = PBXFileReference; lastKnownFileType = sourcecode.swift; path = ContentView.swift; sourceTree = "<group>"; };
		032A09A22B8B699300FEEB29 /* Assets.xcassets */ = {isa = PBXFileReference; lastKnownFileType = folder.assetcatalog; path = Assets.xcassets; sourceTree = "<group>"; };
		032A09A52B8B699300FEEB29 /* Preview Assets.xcassets */ = {isa = PBXFileReference; lastKnownFileType = folder.assetcatalog; path = "Preview Assets.xcassets"; sourceTree = "<group>"; };
		032A09AF2B8B699300FEEB29 /* Linecom_Wear_Music_Watch_AppTests.swift */ = {isa = PBXFileReference; lastKnownFileType = sourcecode.swift; path = Linecom_Wear_Music_Watch_AppTests.swift; sourceTree = "<group>"; };
		032A09B92B8B699300FEEB29 /* Linecom_Wear_Music_Watch_AppUITests.swift */ = {isa = PBXFileReference; lastKnownFileType = sourcecode.swift; path = Linecom_Wear_Music_Watch_AppUITests.swift; sourceTree = "<group>"; };
		032A09BB2B8B699300FEEB29 /* Linecom_Wear_Music_Watch_AppUITestsLaunchTests.swift */ = {isa = PBXFileReference; lastKnownFileType = sourcecode.swift; path = Linecom_Wear_Music_Watch_AppUITestsLaunchTests.swift; sourceTree = "<group>"; };
		032A09D42B8B74BA00FEEB29 /* Linecom-Wear-Music-Watch-App-Info.plist */ = {isa = PBXFileReference; lastKnownFileType = text.plist; path = "Linecom-Wear-Music-Watch-App-Info.plist"; sourceTree = SOURCE_ROOT; };
		039022782C3DAAA3004C8B1A /* Linecom Wear FM Watch App.entitlements */ = {isa = PBXFileReference; lastKnownFileType = text.plist.entitlements; path = "Linecom Wear FM Watch App.entitlements"; sourceTree = "<group>"; };
		03A9423E2C3C72FE008C7966 /* AboutView.swift */ = {isa = PBXFileReference; lastKnownFileType = sourcecode.swift; path = AboutView.swift; sourceTree = "<group>"; };
		03A942402C3C9387008C7966 /* Localizable.xcstrings */ = {isa = PBXFileReference; lastKnownFileType = text.json.xcstrings; path = Localizable.xcstrings; sourceTree = "<group>"; };
		03A942422C3D1F12008C7966 /* LRCParser.swift */ = {isa = PBXFileReference; lastKnownFileType = sourcecode.swift; path = LRCParser.swift; sourceTree = "<group>"; };
		03AB88B92C3B0E6000EB5BE4 /* FMViewModel.swift */ = {isa = PBXFileReference; lastKnownFileType = sourcecode.swift; path = FMViewModel.swift; sourceTree = "<group>"; };
		03AB88BB2C3B0F9200EB5BE4 /* DownloadFileView.swift */ = {isa = PBXFileReference; lastKnownFileType = sourcecode.swift; path = DownloadFileView.swift; sourceTree = "<group>"; };
		03AB88BD2C3B1D4C00EB5BE4 /* RenameFileSheet.swift */ = {isa = PBXFileReference; lastKnownFileType = sourcecode.swift; path = RenameFileSheet.swift; sourceTree = "<group>"; };
		03AB88BF2C3B227900EB5BE4 /* FilePreview.swift */ = {isa = PBXFileReference; lastKnownFileType = sourcecode.swift; path = FilePreview.swift; sourceTree = "<group>"; };
		03AB88C12C3B23D600EB5BE4 /* VedioPreview.swift */ = {isa = PBXFileReference; lastKnownFileType = sourcecode.swift; path = VedioPreview.swift; sourceTree = "<group>"; };
		03AB88C32C3C0CD000EB5BE4 /* ImageView.swift */ = {isa = PBXFileReference; lastKnownFileType = sourcecode.swift; path = ImageView.swift; sourceTree = "<group>"; };
		03AB88C52C3C12AA00EB5BE4 /* AudioPlayerView.swift */ = {isa = PBXFileReference; lastKnownFileType = sourcecode.swift; path = AudioPlayerView.swift; sourceTree = "<group>"; };
		03AF84702C50902F0030E7BF /* CloudCodeView.swift */ = {isa = PBXFileReference; lastKnownFileType = sourcecode.swift; path = CloudCodeView.swift; sourceTree = "<group>"; };
		03AF84722C5090EA0030E7BF /* MixedImportView.swift */ = {isa = PBXFileReference; lastKnownFileType = sourcecode.swift; path = MixedImportView.swift; sourceTree = "<group>"; };
/* End PBXFileReference section */

/* Begin PBXFrameworksBuildPhase section */
		032A09962B8B699200FEEB29 /* Frameworks */ = {
			isa = PBXFrameworksBuildPhase;
			buildActionMask = 2147483647;
			files = (
				03A9423D2C3C68A0008C7966 /* Alamofire in Frameworks */,
			);
			runOnlyForDeploymentPostprocessing = 0;
		};
/* End PBXFrameworksBuildPhase section */

/* Begin PBXGroup section */
		032A098C2B8B699200FEEB29 = {
			isa = PBXGroup;
			children = (
				032A099D2B8B699200FEEB29 /* Linecom Wear FM Watch App */,
				032A09AE2B8B699300FEEB29 /* Linecom Wear FM Watch AppTests */,
				032A09B82B8B699300FEEB29 /* Linecom Wear FM Watch AppUITests */,
				032A09942B8B699200FEEB29 /* Products */,
				03A9423B2C3C68A0008C7966 /* Frameworks */,
			);
			sourceTree = "<group>";
		};
		032A09942B8B699200FEEB29 /* Products */ = {
			isa = PBXGroup;
			children = (
				032A09932B8B699200FEEB29 /* Linecom Wear FM.app */,
				032A09992B8B699200FEEB29 /* Linecom Wear FM Watch App.app */,
			);
			name = Products;
			sourceTree = "<group>";
		};
		032A099D2B8B699200FEEB29 /* Linecom Wear FM Watch App */ = {
			isa = PBXGroup;
			children = (
				039022782C3DAAA3004C8B1A /* Linecom Wear FM Watch App.entitlements */,
				032A09D42B8B74BA00FEEB29 /* Linecom-Wear-Music-Watch-App-Info.plist */,
				032A099E2B8B699200FEEB29 /* Linecom_Wear_FMApp.swift */,
				03AB88C52C3C12AA00EB5BE4 /* AudioPlayerView.swift */,
				032A09A02B8B699200FEEB29 /* ContentView.swift */,
				03A9423E2C3C72FE008C7966 /* AboutView.swift */,
				03AB88C32C3C0CD000EB5BE4 /* ImageView.swift */,
				03AB88C12C3B23D600EB5BE4 /* VedioPreview.swift */,
				03AB88BF2C3B227900EB5BE4 /* FilePreview.swift */,
				03AB88BB2C3B0F9200EB5BE4 /* DownloadFileView.swift */,
				03AF84722C5090EA0030E7BF /* MixedImportView.swift */,
				03AF84702C50902F0030E7BF /* CloudCodeView.swift */,
				03AB88B92C3B0E6000EB5BE4 /* FMViewModel.swift */,
				03A942422C3D1F12008C7966 /* LRCParser.swift */,
				03AB88BD2C3B1D4C00EB5BE4 /* RenameFileSheet.swift */,
				032A09A22B8B699300FEEB29 /* Assets.xcassets */,
				032A09A42B8B699300FEEB29 /* Preview Content */,
				03A942402C3C9387008C7966 /* Localizable.xcstrings */,
			);
			path = "Linecom Wear FM Watch App";
			sourceTree = "<group>";
		};
		032A09A42B8B699300FEEB29 /* Preview Content */ = {
			isa = PBXGroup;
			children = (
				032A09A52B8B699300FEEB29 /* Preview Assets.xcassets */,
			);
			path = "Preview Content";
			sourceTree = "<group>";
		};
		032A09AE2B8B699300FEEB29 /* Linecom Wear FM Watch AppTests */ = {
			isa = PBXGroup;
			children = (
				032A09AF2B8B699300FEEB29 /* Linecom_Wear_Music_Watch_AppTests.swift */,
			);
			path = "Linecom Wear FM Watch AppTests";
			sourceTree = "<group>";
		};
		032A09B82B8B699300FEEB29 /* Linecom Wear FM Watch AppUITests */ = {
			isa = PBXGroup;
			children = (
				032A09B92B8B699300FEEB29 /* Linecom_Wear_Music_Watch_AppUITests.swift */,
				032A09BB2B8B699300FEEB29 /* Linecom_Wear_Music_Watch_AppUITestsLaunchTests.swift */,
			);
			path = "Linecom Wear FM Watch AppUITests";
			sourceTree = "<group>";
		};
		03A9423B2C3C68A0008C7966 /* Frameworks */ = {
			isa = PBXGroup;
			children = (
			);
			name = Frameworks;
			sourceTree = "<group>";
		};
/* End PBXGroup section */

/* Begin PBXNativeTarget section */
		032A09922B8B699200FEEB29 /* Linecom Wear FM */ = {
			isa = PBXNativeTarget;
			buildConfigurationList = 032A09C32B8B699300FEEB29 /* Build configuration list for PBXNativeTarget "Linecom Wear FM" */;
			buildPhases = (
				032A09912B8B699200FEEB29 /* Resources */,
				032A09C22B8B699300FEEB29 /* Embed Watch Content */,
			);
			buildRules = (
			);
			dependencies = (
				032A099C2B8B699200FEEB29 /* PBXTargetDependency */,
			);
			name = "Linecom Wear FM";
			productName = "Linecom Wear Music";
			productReference = 032A09932B8B699200FEEB29 /* Linecom Wear FM.app */;
			productType = "com.apple.product-type.application.watchapp2-container";
		};
		032A09982B8B699200FEEB29 /* Linecom Wear FM Watch App */ = {
			isa = PBXNativeTarget;
			buildConfigurationList = 032A09BF2B8B699300FEEB29 /* Build configuration list for PBXNativeTarget "Linecom Wear FM Watch App" */;
			buildPhases = (
				032A09952B8B699200FEEB29 /* Sources */,
				032A09962B8B699200FEEB29 /* Frameworks */,
				032A09972B8B699200FEEB29 /* Resources */,
			);
			buildRules = (
			);
			dependencies = (
			);
			name = "Linecom Wear FM Watch App";
			packageProductDependencies = (
				03A9423C2C3C68A0008C7966 /* Alamofire */,
			);
			productName = "Linecom Wear Music Watch App";
			productReference = 032A09992B8B699200FEEB29 /* Linecom Wear FM Watch App.app */;
			productType = "com.apple.product-type.application";
		};
/* End PBXNativeTarget section */

/* Begin PBXProject section */
		032A098D2B8B699200FEEB29 /* Project object */ = {
			isa = PBXProject;
			attributes = {
				BuildIndependentTargetsInParallel = 1;
				LastSwiftUpdateCheck = 1520;
				LastUpgradeCheck = 1600;
				TargetAttributes = {
					032A09922B8B699200FEEB29 = {
						CreatedOnToolsVersion = 15.2;
					};
					032A09982B8B699200FEEB29 = {
						CreatedOnToolsVersion = 15.2;
					};
				};
			};
			buildConfigurationList = 032A09902B8B699200FEEB29 /* Build configuration list for PBXProject "Linecom Wear FM" */;
			compatibilityVersion = "Xcode 14.0";
			developmentRegion = "zh-Hans";
			hasScannedForEncodings = 0;
			knownRegions = (
				en,
				Base,
				"zh-Hans",
			);
			mainGroup = 032A098C2B8B699200FEEB29;
			packageReferences = (
				03AB88C82C3C66BE00EB5BE4 /* XCRemoteSwiftPackageReference "Alamofire" */,
			);
			productRefGroup = 032A09942B8B699200FEEB29 /* Products */;
			projectDirPath = "";
			projectRoot = "";
			targets = (
				032A09922B8B699200FEEB29 /* Linecom Wear FM */,
				032A09982B8B699200FEEB29 /* Linecom Wear FM Watch App */,
			);
		};
/* End PBXProject section */

/* Begin PBXResourcesBuildPhase section */
		032A09912B8B699200FEEB29 /* Resources */ = {
			isa = PBXResourcesBuildPhase;
			buildActionMask = 2147483647;
			files = (
			);
			runOnlyForDeploymentPostprocessing = 0;
		};
		032A09972B8B699200FEEB29 /* Resources */ = {
			isa = PBXResourcesBuildPhase;
			buildActionMask = 2147483647;
			files = (
				032A09A62B8B699300FEEB29 /* Preview Assets.xcassets in Resources */,
				032A09A32B8B699300FEEB29 /* Assets.xcassets in Resources */,
				03A942412C3C9387008C7966 /* Localizable.xcstrings in Resources */,
			);
			runOnlyForDeploymentPostprocessing = 0;
		};
/* End PBXResourcesBuildPhase section */

/* Begin PBXSourcesBuildPhase section */
		032A09952B8B699200FEEB29 /* Sources */ = {
			isa = PBXSourcesBuildPhase;
			buildActionMask = 2147483647;
			files = (
				03AB88C42C3C0CD000EB5BE4 /* ImageView.swift in Sources */,
				03AB88BC2C3B0F9200EB5BE4 /* DownloadFileView.swift in Sources */,
				032A09A12B8B699200FEEB29 /* ContentView.swift in Sources */,
				03AF84732C5090EA0030E7BF /* MixedImportView.swift in Sources */,
				03AB88C22C3B23D600EB5BE4 /* VedioPreview.swift in Sources */,
				03A9423F2C3C72FE008C7966 /* AboutView.swift in Sources */,
				03AB88C02C3B227900EB5BE4 /* FilePreview.swift in Sources */,
				03A942432C3D1F12008C7966 /* LRCParser.swift in Sources */,
				03AB88C62C3C12AA00EB5BE4 /* AudioPlayerView.swift in Sources */,
				03AB88BE2C3B1D4C00EB5BE4 /* RenameFileSheet.swift in Sources */,
				03AB88BA2C3B0E6000EB5BE4 /* FMViewModel.swift in Sources */,
				032A099F2B8B699200FEEB29 /* Linecom_Wear_FMApp.swift in Sources */,
				03AF84712C50902F0030E7BF /* CloudCodeView.swift in Sources */,
			);
			runOnlyForDeploymentPostprocessing = 0;
		};
/* End PBXSourcesBuildPhase section */

/* Begin PBXTargetDependency section */
		032A099C2B8B699200FEEB29 /* PBXTargetDependency */ = {
			isa = PBXTargetDependency;
			target = 032A09982B8B699200FEEB29 /* Linecom Wear FM Watch App */;
			targetProxy = 032A099B2B8B699200FEEB29 /* PBXContainerItemProxy */;
		};
/* End PBXTargetDependency section */

/* Begin XCBuildConfiguration section */
		032A09BD2B8B699300FEEB29 /* Debug */ = {
			isa = XCBuildConfiguration;
			buildSettings = {
				ALWAYS_SEARCH_USER_PATHS = NO;
				ASSETCATALOG_COMPILER_GENERATE_SWIFT_ASSET_SYMBOL_EXTENSIONS = YES;
				CLANG_ANALYZER_NONNULL = YES;
				CLANG_ANALYZER_NUMBER_OBJECT_CONVERSION = YES_AGGRESSIVE;
				CLANG_CXX_LANGUAGE_STANDARD = "gnu++20";
				CLANG_ENABLE_MODULES = YES;
				CLANG_ENABLE_OBJC_ARC = YES;
				CLANG_ENABLE_OBJC_WEAK = YES;
				CLANG_WARN_BLOCK_CAPTURE_AUTORELEASING = YES;
				CLANG_WARN_BOOL_CONVERSION = YES;
				CLANG_WARN_COMMA = YES;
				CLANG_WARN_CONSTANT_CONVERSION = YES;
				CLANG_WARN_DEPRECATED_OBJC_IMPLEMENTATIONS = YES;
				CLANG_WARN_DIRECT_OBJC_ISA_USAGE = YES_ERROR;
				CLANG_WARN_DOCUMENTATION_COMMENTS = YES;
				CLANG_WARN_EMPTY_BODY = YES;
				CLANG_WARN_ENUM_CONVERSION = YES;
				CLANG_WARN_INFINITE_RECURSION = YES;
				CLANG_WARN_INT_CONVERSION = YES;
				CLANG_WARN_NON_LITERAL_NULL_CONVERSION = YES;
				CLANG_WARN_OBJC_IMPLICIT_RETAIN_SELF = YES;
				CLANG_WARN_OBJC_LITERAL_CONVERSION = YES;
				CLANG_WARN_OBJC_ROOT_CLASS = YES_ERROR;
				CLANG_WARN_QUOTED_INCLUDE_IN_FRAMEWORK_HEADER = YES;
				CLANG_WARN_RANGE_LOOP_ANALYSIS = YES;
				CLANG_WARN_STRICT_PROTOTYPES = YES;
				CLANG_WARN_SUSPICIOUS_MOVE = YES;
				CLANG_WARN_UNGUARDED_AVAILABILITY = YES_AGGRESSIVE;
				CLANG_WARN_UNREACHABLE_CODE = YES;
				CLANG_WARN__DUPLICATE_METHOD_MATCH = YES;
				COPY_PHASE_STRIP = NO;
				DEAD_CODE_STRIPPING = YES;
				DEBUG_INFORMATION_FORMAT = dwarf;
				ENABLE_STRICT_OBJC_MSGSEND = YES;
				ENABLE_TESTABILITY = YES;
				ENABLE_USER_SCRIPT_SANDBOXING = YES;
				GCC_C_LANGUAGE_STANDARD = gnu17;
				GCC_DYNAMIC_NO_PIC = NO;
				GCC_NO_COMMON_BLOCKS = YES;
				GCC_OPTIMIZATION_LEVEL = 0;
				GCC_PREPROCESSOR_DEFINITIONS = (
					"DEBUG=1",
					"$(inherited)",
				);
				GCC_WARN_64_TO_32_BIT_CONVERSION = YES;
				GCC_WARN_ABOUT_RETURN_TYPE = YES_ERROR;
				GCC_WARN_UNDECLARED_SELECTOR = YES;
				GCC_WARN_UNINITIALIZED_AUTOS = YES_AGGRESSIVE;
				GCC_WARN_UNUSED_FUNCTION = YES;
				GCC_WARN_UNUSED_VARIABLE = YES;
				LOCALIZATION_PREFERS_STRING_CATALOGS = YES;
				MTL_ENABLE_DEBUG_INFO = INCLUDE_SOURCE;
				MTL_FAST_MATH = YES;
				ONLY_ACTIVE_ARCH = YES;
				SWIFT_ACTIVE_COMPILATION_CONDITIONS = "DEBUG $(inherited)";
				SWIFT_EMIT_LOC_STRINGS = YES;
				SWIFT_OPTIMIZATION_LEVEL = "-Onone";
			};
			name = Debug;
		};
		032A09BE2B8B699300FEEB29 /* Release */ = {
			isa = XCBuildConfiguration;
			buildSettings = {
				ALWAYS_SEARCH_USER_PATHS = NO;
				ASSETCATALOG_COMPILER_GENERATE_SWIFT_ASSET_SYMBOL_EXTENSIONS = YES;
				CLANG_ANALYZER_NONNULL = YES;
				CLANG_ANALYZER_NUMBER_OBJECT_CONVERSION = YES_AGGRESSIVE;
				CLANG_CXX_LANGUAGE_STANDARD = "gnu++20";
				CLANG_ENABLE_MODULES = YES;
				CLANG_ENABLE_OBJC_ARC = YES;
				CLANG_ENABLE_OBJC_WEAK = YES;
				CLANG_WARN_BLOCK_CAPTURE_AUTORELEASING = YES;
				CLANG_WARN_BOOL_CONVERSION = YES;
				CLANG_WARN_COMMA = YES;
				CLANG_WARN_CONSTANT_CONVERSION = YES;
				CLANG_WARN_DEPRECATED_OBJC_IMPLEMENTATIONS = YES;
				CLANG_WARN_DIRECT_OBJC_ISA_USAGE = YES_ERROR;
				CLANG_WARN_DOCUMENTATION_COMMENTS = YES;
				CLANG_WARN_EMPTY_BODY = YES;
				CLANG_WARN_ENUM_CONVERSION = YES;
				CLANG_WARN_INFINITE_RECURSION = YES;
				CLANG_WARN_INT_CONVERSION = YES;
				CLANG_WARN_NON_LITERAL_NULL_CONVERSION = YES;
				CLANG_WARN_OBJC_IMPLICIT_RETAIN_SELF = YES;
				CLANG_WARN_OBJC_LITERAL_CONVERSION = YES;
				CLANG_WARN_OBJC_ROOT_CLASS = YES_ERROR;
				CLANG_WARN_QUOTED_INCLUDE_IN_FRAMEWORK_HEADER = YES;
				CLANG_WARN_RANGE_LOOP_ANALYSIS = YES;
				CLANG_WARN_STRICT_PROTOTYPES = YES;
				CLANG_WARN_SUSPICIOUS_MOVE = YES;
				CLANG_WARN_UNGUARDED_AVAILABILITY = YES_AGGRESSIVE;
				CLANG_WARN_UNREACHABLE_CODE = YES;
				CLANG_WARN__DUPLICATE_METHOD_MATCH = YES;
				COPY_PHASE_STRIP = NO;
				DEAD_CODE_STRIPPING = YES;
				DEBUG_INFORMATION_FORMAT = "dwarf-with-dsym";
				ENABLE_NS_ASSERTIONS = NO;
				ENABLE_STRICT_OBJC_MSGSEND = YES;
				ENABLE_USER_SCRIPT_SANDBOXING = YES;
				GCC_C_LANGUAGE_STANDARD = gnu17;
				GCC_NO_COMMON_BLOCKS = YES;
				GCC_WARN_64_TO_32_BIT_CONVERSION = YES;
				GCC_WARN_ABOUT_RETURN_TYPE = YES_ERROR;
				GCC_WARN_UNDECLARED_SELECTOR = YES;
				GCC_WARN_UNINITIALIZED_AUTOS = YES_AGGRESSIVE;
				GCC_WARN_UNUSED_FUNCTION = YES;
				GCC_WARN_UNUSED_VARIABLE = YES;
				LOCALIZATION_PREFERS_STRING_CATALOGS = YES;
				MTL_ENABLE_DEBUG_INFO = NO;
				MTL_FAST_MATH = YES;
				SWIFT_COMPILATION_MODE = wholemodule;
				SWIFT_EMIT_LOC_STRINGS = YES;
			};
			name = Release;
		};
		032A09C02B8B699300FEEB29 /* Debug */ = {
			isa = XCBuildConfiguration;
			buildSettings = {
				ASSETCATALOG_COMPILER_APPICON_NAME = AppIcon;
				ASSETCATALOG_COMPILER_GLOBAL_ACCENT_COLOR_NAME = AccentColor;
				CODE_SIGN_ENTITLEMENTS = "Linecom Wear FM Watch App/Linecom Wear FM Watch App.entitlements";
				CODE_SIGN_STYLE = Automatic;
				CURRENT_PROJECT_VERSION = 1;
				DEVELOPMENT_ASSET_PATHS = "\"Linecom Wear FM Watch App/Preview Content\"";
				DEVELOPMENT_TEAM = B38QUJMY47;
				ENABLE_PREVIEWS = YES;
				GENERATE_INFOPLIST_FILE = YES;
				INFOPLIST_FILE = "Linecom-Wear-Music-Watch-App-Info.plist";
				INFOPLIST_KEY_CFBundleDisplayName = "Linecom Wear File Manager";
				INFOPLIST_KEY_UISupportedInterfaceOrientations = "UIInterfaceOrientationPortrait UIInterfaceOrientationPortraitUpsideDown";
				INFOPLIST_KEY_WKWatchOnly = YES;
				LD_RUNPATH_SEARCH_PATHS = (
					"$(inherited)",
					"@executable_path/Frameworks",
				);
				MARKETING_VERSION = 1.0.2;
				PRODUCT_BUNDLE_IDENTIFIER = com.linecom.wearFM.watchkitapp;
				PRODUCT_NAME = "$(TARGET_NAME)";
				SDKROOT = watchos;
				SKIP_INSTALL = YES;
				SWIFT_EMIT_LOC_STRINGS = YES;
				SWIFT_VERSION = 5.0;
				TARGETED_DEVICE_FAMILY = 4;
				WATCHOS_DEPLOYMENT_TARGET = 10.0;
			};
			name = Debug;
		};
		032A09C12B8B699300FEEB29 /* Release */ = {
			isa = XCBuildConfiguration;
			buildSettings = {
				ASSETCATALOG_COMPILER_APPICON_NAME = AppIcon;
				ASSETCATALOG_COMPILER_GLOBAL_ACCENT_COLOR_NAME = AccentColor;
				CODE_SIGN_ENTITLEMENTS = "Linecom Wear FM Watch App/Linecom Wear FM Watch App.entitlements";
				CODE_SIGN_STYLE = Automatic;
				CURRENT_PROJECT_VERSION = 1;
				DEVELOPMENT_ASSET_PATHS = "\"Linecom Wear FM Watch App/Preview Content\"";
				DEVELOPMENT_TEAM = B38QUJMY47;
				ENABLE_PREVIEWS = YES;
				GENERATE_INFOPLIST_FILE = YES;
				INFOPLIST_FILE = "Linecom-Wear-Music-Watch-App-Info.plist";
				INFOPLIST_KEY_CFBundleDisplayName = "Linecom Wear File Manager";
				INFOPLIST_KEY_UISupportedInterfaceOrientations = "UIInterfaceOrientationPortrait UIInterfaceOrientationPortraitUpsideDown";
				INFOPLIST_KEY_WKWatchOnly = YES;
				LD_RUNPATH_SEARCH_PATHS = (
					"$(inherited)",
					"@executable_path/Frameworks",
				);
				MARKETING_VERSION = 1.0.2;
				PRODUCT_BUNDLE_IDENTIFIER = com.linecom.wearFM.watchkitapp;
				PRODUCT_NAME = "$(TARGET_NAME)";
				SDKROOT = watchos;
				SKIP_INSTALL = YES;
				SWIFT_EMIT_LOC_STRINGS = YES;
				SWIFT_VERSION = 5.0;
				TARGETED_DEVICE_FAMILY = 4;
				VALIDATE_PRODUCT = YES;
				WATCHOS_DEPLOYMENT_TARGET = 10.0;
			};
			name = Release;
		};
		032A09C42B8B699300FEEB29 /* Debug */ = {
			isa = XCBuildConfiguration;
			buildSettings = {
				CODE_SIGN_STYLE = Automatic;
				CURRENT_PROJECT_VERSION = 1;
				DEVELOPMENT_TEAM = B38QUJMY47;
				INFOPLIST_KEY_CFBundleDisplayName = "Linecom Wear File Manager";
				IPHONEOS_DEPLOYMENT_TARGET = 16.3;
				MARKETING_VERSION = 1.0.2;
				PRODUCT_BUNDLE_IDENTIFIER = com.linecom.wearFM;
				PRODUCT_NAME = "$(TARGET_NAME)";
				SDKROOT = iphoneos;
				SWIFT_VERSION = 5.0;
			};
			name = Debug;
		};
		032A09C52B8B699300FEEB29 /* Release */ = {
			isa = XCBuildConfiguration;
			buildSettings = {
				CODE_SIGN_STYLE = Automatic;
				CURRENT_PROJECT_VERSION = 1;
				DEVELOPMENT_TEAM = B38QUJMY47;
				INFOPLIST_KEY_CFBundleDisplayName = "Linecom Wear File Manager";
				IPHONEOS_DEPLOYMENT_TARGET = 16.3;
				MARKETING_VERSION = 1.0.2;
				PRODUCT_BUNDLE_IDENTIFIER = com.linecom.wearFM;
				PRODUCT_NAME = "$(TARGET_NAME)";
				SDKROOT = iphoneos;
				SWIFT_VERSION = 5.0;
				VALIDATE_PRODUCT = YES;
			};
			name = Release;
		};
/* End XCBuildConfiguration section */

/* Begin XCConfigurationList section */
		032A09902B8B699200FEEB29 /* Build configuration list for PBXProject "Linecom Wear FM" */ = {
			isa = XCConfigurationList;
			buildConfigurations = (
				032A09BD2B8B699300FEEB29 /* Debug */,
				032A09BE2B8B699300FEEB29 /* Release */,
			);
			defaultConfigurationIsVisible = 0;
			defaultConfigurationName = Release;
		};
		032A09BF2B8B699300FEEB29 /* Build configuration list for PBXNativeTarget "Linecom Wear FM Watch App" */ = {
			isa = XCConfigurationList;
			buildConfigurations = (
				032A09C02B8B699300FEEB29 /* Debug */,
				032A09C12B8B699300FEEB29 /* Release */,
			);
			defaultConfigurationIsVisible = 0;
			defaultConfigurationName = Release;
		};
		032A09C32B8B699300FEEB29 /* Build configuration list for PBXNativeTarget "Linecom Wear FM" */ = {
			isa = XCConfigurationList;
			buildConfigurations = (
				032A09C42B8B699300FEEB29 /* Debug */,
				032A09C52B8B699300FEEB29 /* Release */,
			);
			defaultConfigurationIsVisible = 0;
			defaultConfigurationName = Release;
		};
/* End XCConfigurationList section */

/* Begin XCRemoteSwiftPackageReference section */
		03AB88C82C3C66BE00EB5BE4 /* XCRemoteSwiftPackageReference "Alamofire" */ = {
			isa = XCRemoteSwiftPackageReference;
			repositoryURL = "https://github.com/Alamofire/Alamofire";
			requirement = {
				kind = upToNextMajorVersion;
				minimumVersion = 5.9.1;
			};
		};
/* End XCRemoteSwiftPackageReference section */

/* Begin XCSwiftPackageProductDependency section */
		03A9423C2C3C68A0008C7966 /* Alamofire */ = {
			isa = XCSwiftPackageProductDependency;
			package = 03AB88C82C3C66BE00EB5BE4 /* XCRemoteSwiftPackageReference "Alamofire" */;
			productName = Alamofire;
		};
/* End XCSwiftPackageProductDependency section */
	};
	rootObject = 032A098D2B8B699200FEEB29 /* Project object */;
}
